
Microsoft Visual Studio Solution File, Format Version 12.00
# Visual Studio Version 17
VisualStudioVersion = 17.11.35327.3
MinimumVisualStudioVersion = 10.0.40219.1
Project("{9A19103F-16F7-4668-BE54-9A1E7A4F7556}") = "Bai1", "Bai1\Bai1.csproj", "{BA5EECB5-A967-4F47-8890-1E8A50BBBBE9}"
EndProject
Project("{2150E333-8FDC-42A3-9474-1A3956D46DE8}") = "Solution Items", "Solution Items", "{9109EA10-4CD5-43FF-8CEB-0014E0B254FA}"
	ProjectSection(SolutionItems) = preProject
		.gitignore = .gitignore
	EndProjectSection
EndProject
Global
	GlobalSection(SolutionConfigurationPlatforms) = preSolution
		Debug|Any CPU = Debug|Any CPU
		Release|Any CPU = Release|Any CPU
	EndGlobalSection
	GlobalSection(ProjectConfigurationPlatforms) = postSolution
		{BA5EECB5-A967-4F47-8890-1E8A50BBBBE9}.Debug|Any CPU.ActiveCfg = Debug|Any CPU
		{BA5EECB5-A967-4F47-8890-1E8A50BBBBE9}.Debug|Any CPU.Build.0 = Debug|Any CPU
		{BA5EECB5-A967-4F47-8890-1E8A50BBBBE9}.Release|Any CPU.ActiveCfg = Release|Any CPU
		{BA5EECB5-A967-4F47-8890-1E8A50BBBBE9}.Release|Any CPU.Build.0 = Release|Any CPU
	EndGlobalSection
	GlobalSection(SolutionProperties) = preSolution
		HideSolutionNode = FALSE
	EndGlobalSection
	GlobalSection(ExtensibilityGlobals) = postSolution
		SolutionGuid = {335A21E1-8067-465E-9A95-556F69178249}
	EndGlobalSection
EndGlobal
